<?xml version="1.0" encoding="utf-8"?>
<Project ToolsVersion="4.0" xmlns="http://schemas.microsoft.com/developer/msbuild/2003">
  <ItemGroup>
    <Filter Include="Source Files">
      <UniqueIdentifier>{4FC737F1-C7A5-4376-A066-2A32D752A2FF}</UniqueIdentifier>
      <Extensions>cpp;c;cc;cxx;def;odl;idl;hpj;bat;asm;asmx</Extensions>
    </Filter>
    <Filter Include="Header Files">
      <UniqueIdentifier>{93995380-89BD-4b04-88EB-625FBE52EBFB}</UniqueIdentifier>
      <Extensions>h;hh;hpp;hxx;hm;inl;inc;ipp;xsd</Extensions>
    </Filter>
    <Filter Include="Resource Files">
      <UniqueIdentifier>{67DA6AB6-F800-4c08-8B7A-83BB121AAD01}</UniqueIdentifier>
      <Extensions>rc;ico;cur;bmp;dlg;rc2;rct;bin;rgs;gif;jpg;jpeg;jpe;resx;tiff;tif;png;wav;mfcribbon-ms</Extensions>
    </Filter>
    <Filter Include="XML">
      <UniqueIdentifier>{4b972d73-9810-45a6-9648-9caadc252762}</UniqueIdentifier>
    </Filter>
    <Filter Include="Serialize">
      <UniqueIdentifier>{245c0346-234f-450e-9d5f-5841dcc17108}</UniqueIdentifier>
    </Filter>
  </ItemGroup>
  <ItemGroup>
    <ClInclude Include="pch.h">
      <Filter>Header Files</Filter>
    </ClInclude>
    <ClInclude Include="Units.h">
      <Filter>Header Files</Filter>
    </ClInclude>
    <ClInclude Include="GraphCommon.h">
      <Filter>Header Files</Filter>
    </ClInclude>
    <ClInclude Include="xml\XMLNode.h">
      <Filter>XML</Filter>
    </ClInclude>
    <ClInclude Include="xml\XMLUtils.h">
      <Filter>XML</Filter>
    </ClInclude>
    <ClInclude Include="xml\XMLDoc.h">
      <Filter>XML</Filter>
    </ClInclude>
    <ClInclude Include="xml\xml.h">
      <Filter>XML</Filter>
    </ClInclude>
    <ClInclude Include="Serialize\SerializeXML.h">
      <Filter>Serialize</Filter>
    </ClInclude>
  </ItemGroup>
  <ItemGroup>
    <ClCompile Include="GraphCommon.cpp">
      <Filter>Source Files</Filter>
    </ClCompile>
    <ClCompile Include="pch.cpp">
      <Filter>Source Files</Filter>
    </ClCompile>
    <ClCompile Include="xml\XMLNode.cpp">
      <Filter>XML</Filter>
    </ClCompile>
    <ClCompile Include="xml\XMLUtils.cpp">
      <Filter>XML</Filter>
    </ClCompile>
    <ClCompile Include="xml\XMLDoc.cpp">
      <Filter>XML</Filter>
    </ClCompile>
    <ClCompile Include="Serialize\SerializeXML.cpp">
      <Filter>Serialize</Filter>
    </ClCompile>
  </ItemGroup>
</Project>